
Microsoft Visual Studio Solution File, Format Version 12.00
# Visual Studio Version 17
VisualStudioVersion = 17.5.33530.505
MinimumVisualStudioVersion = 10.0.40219.1
Project("{FAE04EC0-301F-11D3-BF4B-00C04F79EFBC}") = "PizzaPlace", "PizzaPlace.csproj", "{C23669BF-91A1-40A6-A969-8B3DA8727526}"
EndProject
Global
	GlobalSection(SolutionConfigurationPlatforms) = preSolution
		Debug|Any CPU = Debug|Any CPU
		Release|Any CPU = Release|Any CPU
	EndGlobalSection
	GlobalSection(ProjectConfigurationPlatforms) = postSolution
		{C23669BF-91A1-40A6-A969-8B3DA8727526}.Debug|Any CPU.ActiveCfg = Debug|Any CPU
		{C23669BF-91A1-40A6-A969-8B3DA8727526}.Debug|Any CPU.Build.0 = Debug|Any CPU
		{C23669BF-91A1-40A6-A969-8B3DA8727526}.Release|Any CPU.ActiveCfg = Release|Any CPU
		{C23669BF-91A1-40A6-A969-8B3DA8727526}.Release|Any CPU.Build.0 = Release|Any CPU
	EndGlobalSection
	GlobalSection(SolutionProperties) = preSolution
		HideSolutionNode = FALSE
	EndGlobalSection
	GlobalSection(ExtensibilityGlobals) = postSolution
		SolutionGuid = {0478B4FC-4B27-4F78-B3C7-C49FD0E0D917}
	EndGlobalSection
EndGlobal